
Microsoft Visual Studio Solution File, Format Version 12.00
# Visual Studio Version 16
VisualStudioVersion = 25.0.1703.0
MinimumVisualStudioVersion = 10.0.40219.1
Project("{FAE04EC0-301F-11D3-BF4B-00C04F79EFBC}") = "DBM.WebApi", "DBM.WebApi\DBM.WebApi.csproj", "{EDC7F2CD-822A-45C5-9C86-F8A2A7DD306F}"
EndProject
Global
	GlobalSection(SolutionConfigurationPlatforms) = preSolution
		Debug|Any CPU = Debug|Any CPU
		Release|Any CPU = Release|Any CPU
	EndGlobalSection
	GlobalSection(ProjectConfigurationPlatforms) = postSolution
		{EDC7F2CD-822A-45C5-9C86-F8A2A7DD306F}.Debug|Any CPU.ActiveCfg = Debug|Any CPU
		{EDC7F2CD-822A-45C5-9C86-F8A2A7DD306F}.Debug|Any CPU.Build.0 = Debug|Any CPU
		{EDC7F2CD-822A-45C5-9C86-F8A2A7DD306F}.Release|Any CPU.ActiveCfg = Release|Any CPU
		{EDC7F2CD-822A-45C5-9C86-F8A2A7DD306F}.Release|Any CPU.Build.0 = Release|Any CPU
	EndGlobalSection
	GlobalSection(SolutionProperties) = preSolution
		HideSolutionNode = FALSE
	EndGlobalSection
	GlobalSection(ExtensibilityGlobals) = postSolution
		SolutionGuid = {06C5CBEA-403D-4944-8436-B66A9A121A26}
	EndGlobalSection
EndGlobal
